<?xml version="1.0" encoding="utf-8"?>
<Project ToolsVersion="4.0" xmlns="http://schemas.microsoft.com/developer/msbuild/2003">
  <ItemGroup>
    <Filter Include="Common">
      <UniqueIdentifier>926d8aa8-3082-4cbc-b3ad-bce1155e9396</UniqueIdentifier>
    </Filter>
    <Filter Include="Assets">
      <UniqueIdentifier>d299dedd-ebba-4c47-9fe9-3e37389692dc</UniqueIdentifier>
      <Extensions>bmp;fbx;gif;jpg;jpeg;tga;tiff;tif;png</Extensions>
    </Filter>
    <Filter Include="Content">
      <UniqueIdentifier>dbd29068-6e18-46b4-8d85-8919663bcd25</UniqueIdentifier>
    </Filter>
    <Filter Include="Helpers">
      <UniqueIdentifier>a4832c97-b232-422e-8ea2-059f315a5b30</UniqueIdentifier>
    </Filter>
    <ClInclude Include="Helpers\DirectXHelper.h">
      <Filter>Common</Filter>
    </ClInclude>
    <ClInclude Include="Helpers\StepTimer.h">
      <Filter>Common</Filter>
    </ClInclude>
    <ClInclude Include="Helpers\DeviceResources.h">
      <Filter>Common</Filter>
    </ClInclude>
    <ClCompile Include="Helpers\DeviceResources.cpp">
      <Filter>Common</Filter>
    </ClCompile>
    <ClInclude Include="Helpers\InputManager.h">
      <Filter>Helpers</Filter>
    </ClInclude>
    <ClInclude Include="Helpers\OverlayManager.h">
      <Filter>Helpers</Filter>
    </ClInclude>
    <ClInclude Include="Helpers\SoundPlayer.h">
      <Filter>Helpers</Filter>
    </ClInclude>
    <ClCompile Include="Helpers\InputManager.cpp">
      <Filter>Helpers</Filter>
    </ClCompile>
    <ClCompile Include="Helpers\OverlayManager.cpp">
      <Filter>Helpers</Filter>
    </ClCompile>
    <ClCompile Include="Helpers\SoundPlayer.cpp">
      <Filter>Helpers</Filter>
    </ClCompile>
    <ClInclude Include="Content\SampleVirtualControllerRenderer.h">
      <Filter>Content</Filter>
    </ClInclude>
    <ClInclude Include="Content\SampleDebugTextRenderer.h">
      <Filter>Content</Filter>
    </ClInclude>
    <ClInclude Include="Content\ShaderStructures.h">
      <Filter>Content</Filter>
    </ClInclude>
    <ClCompile Include="Content\SampleVirtualControllerRenderer.cpp">
      <Filter>Content</Filter>
    </ClCompile>
    <ClCompile Include="Content\SampleDebugTextRenderer.cpp">
      <Filter>Content</Filter>
    </ClCompile>
    <Media Include="Assets\chord.wav">
      <Filter>Assets</Filter>
    </Media>
    <Media Include="Assets\becky.wma">
      <Filter>Assets</Filter>
    </Media>
    <Image Include="Assets\Logo.png">
      <Filter>Assets</Filter>
    </Image>
    <Image Include="Assets\SmallLogo.png">
      <Filter>Assets</Filter>
    </Image>
    <Image Include="Assets\StoreLogo.png">
      <Filter>Assets</Filter>
    </Image>
    <Image Include="Assets\SplashScreen.png">
      <Filter>Assets</Filter>
    </Image>
  </ItemGroup>
  <ItemGroup>
    <ClCompile Include="App.cpp" />
    <ClCompile Include="PinnedDownClientMain.cpp" />
    <ClCompile Include="pch.cpp" />
  </ItemGroup>
  <ItemGroup>
    <ClInclude Include="App.h" />
    <ClInclude Include="PinnedDownClientMain.h" />
    <ClInclude Include="pch.h" />
  </ItemGroup>
  <ItemGroup>
    <AppxManifest Include="Package.appxmanifest" />
  </ItemGroup>
  <ItemGroup>
    <None Include="PinnedDownClient_TemporaryKey.pfx" />
  </ItemGroup>
</Project>